{
  "name": "propure",
  "version": "0.1.0",
  "lockfileVersion": 3,
  "requires": true,
  "packages": {
    "": {
      "name": "propure",
      "version": "0.1.0",
      "hasInstallScript": true,
      "dependencies": {
        "@ai-sdk/google": "^3.0.2",
        "@ai-sdk/react": "^3.0.7",
        "ai": "^6.0.7"
      },
      "devDependencies": {
        "dotenv-cli": "^11.0.0",
        "prettier": "^3.2.5",
        "turbo": "^2.0.0",
        "typescript": "^5"
      }
    },
    "node_modules/@ai-sdk/gateway": {
      "version": "3.0.15",
      "resolved": "https://registry.npmjs.org/@ai-sdk/gateway/-/gateway-3.0.15.tgz",
      "integrity": "sha512-OsWcXMfkF9U38YhU7926rYt4IAtJuZlnM1e8STN8hHb4qbiTaORBSXcFaJuOEZ1kYOf3DqqP7CxbmM543ePzIg==",
      "license": "Apache-2.0",
      "dependencies": {
        "@ai-sdk/provider": "3.0.3",
        "@ai-sdk/provider-utils": "4.0.7",
        "@vercel/oidc": "3.1.0"
      },
      "engines": {
        "node": ">=18"
      },
      "peerDependencies": {
        "zod": "^3.25.76 || ^4.1.8"
      }
    },
    "node_modules/@ai-sdk/google": {
      "version": "3.0.9",
      "resolved": "https://registry.npmjs.org/@ai-sdk/google/-/google-3.0.9.tgz",
      "integrity": "sha512-whRdK0gCZL92UbEHdmQ6edm3cp5ZZSqwE79AIvTEaJR+BeaMUJchTxz/I5w9l3EHGOiDxrKYssklqO3z45KGXg==",
      "license": "Apache-2.0",
      "dependencies": {
        "@ai-sdk/provider": "3.0.3",
        "@ai-sdk/provider-utils": "4.0.7"
      },
      "engines": {
        "node": ">=18"
      },
      "peerDependencies": {
        "zod": "^3.25.76 || ^4.1.8"
      }
    },
    "node_modules/@ai-sdk/provider": {
      "version": "3.0.3",
      "resolved": "https://registry.npmjs.org/@ai-sdk/provider/-/provider-3.0.3.tgz",
      "integrity": "sha512-qGPYdoAuECaUXPrrz0BPX1SacZQuJ6zky0aakxpW89QW1hrY0eF4gcFm/3L9Pk8C5Fwe+RvBf2z7ZjDhaPjnlg==",
      "license": "Apache-2.0",
      "dependencies": {
        "json-schema": "^0.4.0"
      },
      "engines": {
        "node": ">=18"
      }
    },
    "node_modules/@ai-sdk/provider-utils": {
      "version": "4.0.7",
      "resolved": "https://registry.npmjs.org/@ai-sdk/provider-utils/-/provider-utils-4.0.7.tgz",
      "integrity": "sha512-ItzTdBxRLieGz1GHPwl9X3+HKfwTfFd9MdIa91aXRnOjUVRw68ENjAGKm3FcXGsBLkXDLaFWgjbTVdXe2igs2w==",
      "license": "Apache-2.0",
      "dependencies": {
        "@ai-sdk/provider": "3.0.3",
        "@standard-schema/spec": "^1.1.0",
        "eventsource-parser": "^3.0.6"
      },
      "engines": {
        "node": ">=18"
      },
      "peerDependencies": {
        "zod": "^3.25.76 || ^4.1.8"
      }
    },
    "node_modules/@ai-sdk/react": {
      "version": "3.0.39",
      "resolved": "https://registry.npmjs.org/@ai-sdk/react/-/react-3.0.39.tgz",
      "integrity": "sha512-Q/39hAazwxItCbqEDWC4pa3+HXLVvTzeu/zu7ghANqRNCxzmqBb/GYEIU/wiYNRS05hP6R1l9bA9S4U6sx0iTA==",
      "license": "Apache-2.0",
      "dependencies": {
        "@ai-sdk/provider-utils": "4.0.7",
        "ai": "6.0.37",
        "swr": "^2.2.5",
        "throttleit": "2.1.0"
      },
      "engines": {
        "node": ">=18"
      },
      "peerDependencies": {
        "react": "^18 || ~19.0.1 || ~19.1.2 || ^19.2.1"
      }
    },
    "node_modules/@opentelemetry/api": {
      "version": "1.9.0",
      "resolved": "https://registry.npmjs.org/@opentelemetry/api/-/api-1.9.0.tgz",
      "integrity": "sha512-3giAOQvZiH5F9bMlMiv8+GSPMeqg0dbaeo58/0SlA9sxSqZhnUtxzX9/2FzyhS9sWQf5S0GJE0AKBrFqjpeYcg==",
      "license": "Apache-2.0",
      "engines": {
        "node": ">=8.0.0"
      }
    },
    "node_modules/@standard-schema/spec": {
      "version": "1.1.0",
      "resolved": "https://registry.npmjs.org/@standard-schema/spec/-/spec-1.1.0.tgz",
      "integrity": "sha512-l2aFy5jALhniG5HgqrD6jXLi/rUWrKvqN/qJx6yoJsgKhblVd+iqqU4RCXavm/jPityDo5TCvKMnpjKnOriy0w==",
      "license": "MIT"
    },
    "node_modules/@vercel/oidc": {
      "version": "3.1.0",
      "resolved": "https://registry.npmjs.org/@vercel/oidc/-/oidc-3.1.0.tgz",
      "integrity": "sha512-Fw28YZpRnA3cAHHDlkt7xQHiJ0fcL+NRcIqsocZQUSmbzeIKRpwttJjik5ZGanXP+vlA4SbTg+AbA3bP363l+w==",
      "license": "Apache-2.0",
      "engines": {
        "node": ">= 20"
      }
    },
    "node_modules/ai": {
      "version": "6.0.37",
      "resolved": "https://registry.npmjs.org/ai/-/ai-6.0.37.tgz",
      "integrity": "sha512-GUMBYx0TXKxXRcWy6DY3ryHJZ7cATxc99WPT7WCD8hGCYkdhFVItKPTtINeTlK+FlUomDqzjPGtiDcVftcw//w==",
      "license": "Apache-2.0",
      "dependencies": {
        "@ai-sdk/gateway": "3.0.15",
        "@ai-sdk/provider": "3.0.3",
        "@ai-sdk/provider-utils": "4.0.7",
        "@opentelemetry/api": "1.9.0"
      },
      "engines": {
        "node": ">=18"
      },
      "peerDependencies": {
        "zod": "^3.25.76 || ^4.1.8"
      }
    },
    "node_modules/cross-spawn": {
      "version": "7.0.6",
      "resolved": "https://registry.npmjs.org/cross-spawn/-/cross-spawn-7.0.6.tgz",
      "integrity": "sha512-uV2QOWP2nWzsy2aMp8aRibhi9dlzF5Hgh5SHaB9OiTGEyDTiJJyx0uy51QXdyWbtAHNua4XJzUKca3OzKUd3vA==",
      "dev": true,
      "license": "MIT",
      "dependencies": {
        "path-key": "^3.1.0",
        "shebang-command": "^2.0.0",
        "which": "^2.0.1"
      },
      "engines": {
        "node": ">= 8"
      }
    },
    "node_modules/dequal": {
      "version": "2.0.3",
      "resolved": "https://registry.npmjs.org/dequal/-/dequal-2.0.3.tgz",
      "integrity": "sha512-0je+qPKHEMohvfRTCEo3CrPG6cAzAYgmzKyxRiYSSDkS6eGJdyVJm7WaYA5ECaAD9wLB2T4EEeymA5aFVcYXCA==",
      "license": "MIT",
      "engines": {
        "node": ">=6"
      }
    },
    "node_modules/dotenv": {
      "version": "17.2.3",
      "resolved": "https://registry.npmjs.org/dotenv/-/dotenv-17.2.3.tgz",
      "integrity": "sha512-JVUnt+DUIzu87TABbhPmNfVdBDt18BLOWjMUFJMSi/Qqg7NTYtabbvSNJGOJ7afbRuv9D/lngizHtP7QyLQ+9w==",
      "dev": true,
      "license": "BSD-2-Clause",
      "engines": {
        "node": ">=12"
      },
      "funding": {
        "url": "https://dotenvx.com"
      }
    },
    "node_modules/dotenv-cli": {
      "version": "11.0.0",
      "resolved": "https://registry.npmjs.org/dotenv-cli/-/dotenv-cli-11.0.0.tgz",
      "integrity": "sha512-r5pA8idbk7GFWuHEU7trSTflWcdBpQEK+Aw17UrSHjS6CReuhrrPcyC3zcQBPQvhArRHnBo/h6eLH1fkCvNlww==",
      "dev": true,
      "license": "MIT",
      "dependencies": {
        "cross-spawn": "^7.0.6",
        "dotenv": "^17.1.0",
        "dotenv-expand": "^12.0.0",
        "minimist": "^1.2.6"
      },
      "bin": {
        "dotenv": "cli.js"
      }
    },
    "node_modules/dotenv-expand": {
      "version": "12.0.3",
      "resolved": "https://registry.npmjs.org/dotenv-expand/-/dotenv-expand-12.0.3.tgz",
      "integrity": "sha512-uc47g4b+4k/M/SeaW1y4OApx+mtLWl92l5LMPP0GNXctZqELk+YGgOPIIC5elYmUH4OuoK3JLhuRUYegeySiFA==",
      "dev": true,
      "license": "BSD-2-Clause",
      "dependencies": {
        "dotenv": "^16.4.5"
      },
      "engines": {
        "node": ">=12"
      },
      "funding": {
        "url": "https://dotenvx.com"
      }
    },
    "node_modules/dotenv-expand/node_modules/dotenv": {
      "version": "16.6.1",
      "resolved": "https://registry.npmjs.org/dotenv/-/dotenv-16.6.1.tgz",
      "integrity": "sha512-uBq4egWHTcTt33a72vpSG0z3HnPuIl6NqYcTrKEg2azoEyl2hpW0zqlxysq2pK9HlDIHyHyakeYaYnSAwd8bow==",
      "dev": true,
      "license": "BSD-2-Clause",
      "engines": {
        "node": ">=12"
      },
      "funding": {
        "url": "https://dotenvx.com"
      }
    },
    "node_modules/eventsource-parser": {
      "version": "3.0.6",
      "resolved": "https://registry.npmjs.org/eventsource-parser/-/eventsource-parser-3.0.6.tgz",
      "integrity": "sha512-Vo1ab+QXPzZ4tCa8SwIHJFaSzy4R6SHf7BY79rFBDf0idraZWAkYrDjDj8uWaSm3S2TK+hJ7/t1CEmZ7jXw+pg==",
      "license": "MIT",
      "engines": {
        "node": ">=18.0.0"
      }
    },
    "node_modules/isexe": {
      "version": "2.0.0",
      "resolved": "https://registry.npmjs.org/isexe/-/isexe-2.0.0.tgz",
      "integrity": "sha512-RHxMLp9lnKHGHRng9QFhRCMbYAcVpn69smSGcq3f36xjgVVWThj4qqLbTLlq7Ssj8B+fIQ1EuCEGI2lKsyQeIw==",
      "dev": true,
      "license": "ISC"
    },
    "node_modules/json-schema": {
      "version": "0.4.0",
      "resolved": "https://registry.npmjs.org/json-schema/-/json-schema-0.4.0.tgz",
      "integrity": "sha512-es94M3nTIfsEPisRafak+HDLfHXnKBhV3vU5eqPcS3flIWqcxJWgXHXiey3YrpaNsanY5ei1VoYEbOzijuq9BA==",
      "license": "(AFL-2.1 OR BSD-3-Clause)"
    },
    "node_modules/minimist": {
      "version": "1.2.8",
      "resolved": "https://registry.npmjs.org/minimist/-/minimist-1.2.8.tgz",
      "integrity": "sha512-2yyAR8qBkN3YuheJanUpWC5U3bb5osDywNB8RzDVlDwDHbocAJveqqj1u8+SVD7jkWT4yvsHCpWqqWqAxb0zCA==",
      "dev": true,
      "license": "MIT",
      "funding": {
        "url": "https://github.com/sponsors/ljharb"
      }
    },
    "node_modules/path-key": {
      "version": "3.1.1",
      "resolved": "https://registry.npmjs.org/path-key/-/path-key-3.1.1.tgz",
      "integrity": "sha512-ojmeN0qd+y0jszEtoY48r0Peq5dwMEkIlCOu6Q5f41lfkswXuKtYrhgoTpLnyIcHm24Uhqx+5Tqm2InSwLhE6Q==",
      "dev": true,
      "license": "MIT",
      "engines": {
        "node": ">=8"
      }
    },
    "node_modules/prettier": {
      "version": "3.8.0",
      "resolved": "https://registry.npmjs.org/prettier/-/prettier-3.8.0.tgz",
      "integrity": "sha512-yEPsovQfpxYfgWNhCfECjG5AQaO+K3dp6XERmOepyPDVqcJm+bjyCVO3pmU+nAPe0N5dDvekfGezt/EIiRe1TA==",
      "dev": true,
      "license": "MIT",
      "bin": {
        "prettier": "bin/prettier.cjs"
      },
      "engines": {
        "node": ">=14"
      },
      "funding": {
        "url": "https://github.com/prettier/prettier?sponsor=1"
      }
    },
    "node_modules/react": {
      "version": "19.2.3",
      "resolved": "https://registry.npmjs.org/react/-/react-19.2.3.tgz",
      "integrity": "sha512-Ku/hhYbVjOQnXDZFv2+RibmLFGwFdeeKHFcOTlrt7xplBnya5OGn/hIRDsqDiSUcfORsDC7MPxwork8jBwsIWA==",
      "license": "MIT",
      "peer": true,
      "engines": {
        "node": ">=0.10.0"
      }
    },
    "node_modules/shebang-command": {
      "version": "2.0.0",
      "resolved": "https://registry.npmjs.org/shebang-command/-/shebang-command-2.0.0.tgz",
      "integrity": "sha512-kHxr2zZpYtdmrN1qDjrrX/Z1rR1kG8Dx+gkpK1G4eXmvXswmcE1hTWBWYUzlraYw1/yZp6YuDY77YtvbN0dmDA==",
      "dev": true,
      "license": "MIT",
      "dependencies": {
        "shebang-regex": "^3.0.0"
      },
      "engines": {
        "node": ">=8"
      }
    },
    "node_modules/shebang-regex": {
      "version": "3.0.0",
      "resolved": "https://registry.npmjs.org/shebang-regex/-/shebang-regex-3.0.0.tgz",
      "integrity": "sha512-7++dFhtcx3353uBaq8DDR4NuxBetBzC7ZQOhmTQInHEd6bSrXdiEyzCvG07Z44UYdLShWUyXt5M/yhz8ekcb1A==",
      "dev": true,
      "license": "MIT",
      "engines": {
        "node": ">=8"
      }
    },
    "node_modules/swr": {
      "version": "2.3.8",
      "resolved": "https://registry.npmjs.org/swr/-/swr-2.3.8.tgz",
      "integrity": "sha512-gaCPRVoMq8WGDcWj9p4YWzCMPHzE0WNl6W8ADIx9c3JBEIdMkJGMzW+uzXvxHMltwcYACr9jP+32H8/hgwMR7w==",
      "license": "MIT",
      "dependencies": {
        "dequal": "^2.0.3",
        "use-sync-external-store": "^1.6.0"
      },
      "peerDependencies": {
        "react": "^16.11.0 || ^17.0.0 || ^18.0.0 || ^19.0.0"
      }
    },
    "node_modules/throttleit": {
      "version": "2.1.0",
      "resolved": "https://registry.npmjs.org/throttleit/-/throttleit-2.1.0.tgz",
      "integrity": "sha512-nt6AMGKW1p/70DF/hGBdJB57B8Tspmbp5gfJ8ilhLnt7kkr2ye7hzD6NVG8GGErk2HWF34igrL2CXmNIkzKqKw==",
      "license": "MIT",
      "engines": {
        "node": ">=18"
      },
      "funding": {
        "url": "https://github.com/sponsors/sindresorhus"
      }
    },
    "node_modules/turbo": {
      "version": "2.7.4",
      "resolved": "https://registry.npmjs.org/turbo/-/turbo-2.7.4.tgz",
      "integrity": "sha512-bkO4AddmDishzJB2ze7aYYPaejMoJVfS0XnaR6RCdXFOY8JGJfQE+l9fKiV7uDPa5Ut44gmOWJL3894CIMeH9g==",
      "dev": true,
      "license": "MIT",
      "bin": {
        "turbo": "bin/turbo"
      },
      "optionalDependencies": {
        "turbo-darwin-64": "2.7.4",
        "turbo-darwin-arm64": "2.7.4",
        "turbo-linux-64": "2.7.4",
        "turbo-linux-arm64": "2.7.4",
        "turbo-windows-64": "2.7.4",
        "turbo-windows-arm64": "2.7.4"
      }
    },
    "node_modules/turbo-darwin-64": {
      "version": "2.7.4",
      "resolved": "https://registry.npmjs.org/turbo-darwin-64/-/turbo-darwin-64-2.7.4.tgz",
      "integrity": "sha512-xDR30ltfkSsRfGzABBckvl1nz1cZ3ssTujvdj+TPwOweeDRvZ0e06t5DS0rmRBvyKpgGs42K/EK6Mn2qLlFY9A==",
      "cpu": [
        "x64"
      ],
      "dev": true,
      "license": "MIT",
      "optional": true,
      "os": [
        "darwin"
      ]
    },
    "node_modules/turbo-darwin-arm64": {
      "version": "2.7.4",
      "resolved": "https://registry.npmjs.org/turbo-darwin-arm64/-/turbo-darwin-arm64-2.7.4.tgz",
      "integrity": "sha512-P7sjqXtOL/+nYWPvcDGWhi8wf8M8mZHHB8XEzw2VX7VJrS8IGHyJHGD1AYfDvhAEcr7pnk3gGifz3/xyhI655w==",
      "cpu": [
        "arm64"
      ],
      "dev": true,
      "license": "MIT",
      "optional": true,
      "os": [
        "darwin"
      ]
    },
    "node_modules/turbo-linux-64": {
      "version": "2.7.4",
      "resolved": "https://registry.npmjs.org/turbo-linux-64/-/turbo-linux-64-2.7.4.tgz",
      "integrity": "sha512-GofFOxRO/IhG8BcPyMSSB3Y2+oKQotsaYbHxL9yD6JPb20/o35eo+zUSyazOtilAwDHnak5dorAJFoFU8MIg2A==",
      "cpu": [
        "x64"
      ],
      "dev": true,
      "license": "MIT",
      "optional": true,
      "os": [
        "linux"
      ]
    },
    "node_modules/turbo-linux-arm64": {
      "version": "2.7.4",
      "resolved": "https://registry.npmjs.org/turbo-linux-arm64/-/turbo-linux-arm64-2.7.4.tgz",
      "integrity": "sha512-+RQKgNjksVPxYAyAgmDV7w/1qj++qca+nSNTAOKGOfJiDtSvRKoci89oftJ6anGs00uamLKVEQ712TI/tfNAIw==",
      "cpu": [
        "arm64"
      ],
      "dev": true,
      "license": "MIT",
      "optional": true,
      "os": [
        "linux"
      ]
    },
    "node_modules/turbo-windows-64": {
      "version": "2.7.4",
      "resolved": "https://registry.npmjs.org/turbo-windows-64/-/turbo-windows-64-2.7.4.tgz",
      "integrity": "sha512-rfak1+g+ON3czs1mDYsCS4X74ZmK6gOgRQTXjDICtzvR4o61paqtgAYtNPofcVsMWeF4wvCajSeoAkkeAnQ1kg==",
      "cpu": [
        "x64"
      ],
      "dev": true,
      "license": "MIT",
      "optional": true,
      "os": [
        "win32"
      ]
    },
    "node_modules/turbo-windows-arm64": {
      "version": "2.7.4",
      "resolved": "https://registry.npmjs.org/turbo-windows-arm64/-/turbo-windows-arm64-2.7.4.tgz",
      "integrity": "sha512-1ZgBNjNRbDu/fPeqXuX9i26x3CJ/Y1gcwUpQ+Vp7kN9Un6RZ9kzs164f/knrjcu5E+szCRexVjRSJay1k5jApA==",
      "cpu": [
        "arm64"
      ],
      "dev": true,
      "license": "MIT",
      "optional": true,
      "os": [
        "win32"
      ]
    },
    "node_modules/typescript": {
      "version": "5.9.3",
      "resolved": "https://registry.npmjs.org/typescript/-/typescript-5.9.3.tgz",
      "integrity": "sha512-jl1vZzPDinLr9eUt3J/t7V6FgNEw9QjvBPdysz9KfQDD41fQrC2Y4vKQdiaUpFT4bXlb1RHhLpp8wtm6M5TgSw==",
      "dev": true,
      "license": "Apache-2.0",
      "bin": {
        "tsc": "bin/tsc",
        "tsserver": "bin/tsserver"
      },
      "engines": {
        "node": ">=14.17"
      }
    },
    "node_modules/use-sync-external-store": {
      "version": "1.6.0",
      "resolved": "https://registry.npmjs.org/use-sync-external-store/-/use-sync-external-store-1.6.0.tgz",
      "integrity": "sha512-Pp6GSwGP/NrPIrxVFAIkOQeyw8lFenOHijQWkUTrDvrF4ALqylP2C/KCkeS9dpUM3KvYRQhna5vt7IL95+ZQ9w==",
      "license": "MIT",
      "peerDependencies": {
        "react": "^16.8.0 || ^17.0.0 || ^18.0.0 || ^19.0.0"
      }
    },
    "node_modules/which": {
      "version": "2.0.2",
      "resolved": "https://registry.npmjs.org/which/-/which-2.0.2.tgz",
      "integrity": "sha512-BLI3Tl1TW3Pvl70l3yq3Y64i+awpwXqsGBYWkkqMtnbXgrMD+yj7rhW0kuEDxzJaYXGjEW5ogapKNMEKNMjibA==",
      "dev": true,
      "license": "ISC",
      "dependencies": {
        "isexe": "^2.0.0"
      },
      "bin": {
        "node-which": "bin/node-which"
      },
      "engines": {
        "node": ">= 8"
      }
    },
    "node_modules/zod": {
      "version": "4.3.5",
      "resolved": "https://registry.npmjs.org/zod/-/zod-4.3.5.tgz",
      "integrity": "sha512-k7Nwx6vuWx1IJ9Bjuf4Zt1PEllcwe7cls3VNzm4CQ1/hgtFUK2bRNG3rvnpPUhFjmqJKAKtjV576KnUkHocg/g==",
      "license": "MIT",
      "peer": true,
      "funding": {
        "url": "https://github.com/sponsors/colinhacks"
      }
    }
  }
}
